
Microsoft Visual Studio Solution File, Format Version 12.00
# Visual Studio 15
VisualStudioVersion = 15.0.26730.15
MinimumVisualStudioVersion = 10.0.40219.1
Project("{FAE04EC0-301F-11D3-BF4B-00C04F79EFBC}") = "ExternalMaps.Plugin.iOS", "ExternalMaps.Plugin.iOS\ExternalMaps.Plugin.iOS.csproj", "{2882AEEB-D4CD-4EB9-8A6C-6653B33681F0}"
EndProject
Project("{FAE04EC0-301F-11D3-BF4B-00C04F79EFBC}") = "ExternalMaps.Plugin.Android", "ExternalMaps.Plugin.Android\ExternalMaps.Plugin.Android.csproj", "{56A56F17-7DE1-4CA1-9617-BF32E971AC84}"
EndProject
Project("{2150E333-8FDC-42A3-9474-1A3956D46DE8}") = "Solution Items", "Solution Items", "{4F54485B-DC3D-488D-93EA-AD89ED196086}"
	ProjectSection(SolutionItems) = preProject
		..\.editorconfig = ..\.editorconfig
		..\appveyor.yml = ..\appveyor.yml
		..\bootstrapper.ps1 = ..\bootstrapper.ps1
		..\build.cake = ..\build.cake
		..\nuget\Plugin.nuspec = ..\nuget\Plugin.nuspec
		..\README.md = ..\README.md
		..\readme.txt = ..\readme.txt
	EndProjectSection
EndProject
Project("{FAE04EC0-301F-11D3-BF4B-00C04F79EFBC}") = "ExternalMaps.Plugin.UWP", "ExternalMaps.Plugin.UWP\ExternalMaps.Plugin.UWP.csproj", "{80C1A1D7-C26F-473E-B90D-CA697189B4C1}"
EndProject
Project("{FAE04EC0-301F-11D3-BF4B-00C04F79EFBC}") = "ExternalMaps.Plugin.Mac", "ExternalMaps.Plugin.Mac\ExternalMaps.Plugin.Mac.csproj", "{04667DCF-6340-453D-A573-79216E07F69F}"
EndProject
Project("{FAE04EC0-301F-11D3-BF4B-00C04F79EFBC}") = "ExternalMaps.Plugin", "ExternalMaps.Plugin\ExternalMaps.Plugin.csproj", "{0D0B6005-62BB-4D1F-AD22-485EB2C1CAA9}"
EndProject
Project("{FAE04EC0-301F-11D3-BF4B-00C04F79EFBC}") = "ExternalMaps.Plugin.Abstractions", "ExternalMaps.Plugin.Abstractions\ExternalMaps.Plugin.Abstractions.csproj", "{0250A664-9242-49E5-A6F7-3E715A2752CF}"
EndProject
Project("{FAE04EC0-301F-11D3-BF4B-00C04F79EFBC}") = "ExternalMaps.Plugin.Tizen", "ExternalMaps.Plugin.Tizen\ExternalMaps.Plugin.Tizen.csproj", "{B9DF09C7-B8E2-473A-9FA6-083B3CDD1DB6}"
EndProject
Global
	GlobalSection(SolutionConfigurationPlatforms) = preSolution
		Debug|Any CPU = Debug|Any CPU
		Debug|ARM = Debug|ARM
		Debug|x64 = Debug|x64
		Debug|x86 = Debug|x86
		Release|Any CPU = Release|Any CPU
		Release|ARM = Release|ARM
		Release|x64 = Release|x64
		Release|x86 = Release|x86
	EndGlobalSection
	GlobalSection(ProjectConfigurationPlatforms) = postSolution
		{2882AEEB-D4CD-4EB9-8A6C-6653B33681F0}.Debug|Any CPU.ActiveCfg = Debug|Any CPU
		{2882AEEB-D4CD-4EB9-8A6C-6653B33681F0}.Debug|Any CPU.Build.0 = Debug|Any CPU
		{2882AEEB-D4CD-4EB9-8A6C-6653B33681F0}.Debug|ARM.ActiveCfg = Debug|Any CPU
		{2882AEEB-D4CD-4EB9-8A6C-6653B33681F0}.Debug|x64.ActiveCfg = Debug|Any CPU
		{2882AEEB-D4CD-4EB9-8A6C-6653B33681F0}.Debug|x86.ActiveCfg = Debug|Any CPU
		{2882AEEB-D4CD-4EB9-8A6C-6653B33681F0}.Release|Any CPU.ActiveCfg = Release|Any CPU
		{2882AEEB-D4CD-4EB9-8A6C-6653B33681F0}.Release|Any CPU.Build.0 = Release|Any CPU
		{2882AEEB-D4CD-4EB9-8A6C-6653B33681F0}.Release|ARM.ActiveCfg = Release|Any CPU
		{2882AEEB-D4CD-4EB9-8A6C-6653B33681F0}.Release|x64.ActiveCfg = Release|Any CPU
		{2882AEEB-D4CD-4EB9-8A6C-6653B33681F0}.Release|x86.ActiveCfg = Release|Any CPU
		{56A56F17-7DE1-4CA1-9617-BF32E971AC84}.Debug|Any CPU.ActiveCfg = Debug|Any CPU
		{56A56F17-7DE1-4CA1-9617-BF32E971AC84}.Debug|Any CPU.Build.0 = Debug|Any CPU
		{56A56F17-7DE1-4CA1-9617-BF32E971AC84}.Debug|ARM.ActiveCfg = Debug|Any CPU
		{56A56F17-7DE1-4CA1-9617-BF32E971AC84}.Debug|x64.ActiveCfg = Debug|Any CPU
		{56A56F17-7DE1-4CA1-9617-BF32E971AC84}.Debug|x86.ActiveCfg = Debug|Any CPU
		{56A56F17-7DE1-4CA1-9617-BF32E971AC84}.Release|Any CPU.ActiveCfg = Release|Any CPU
		{56A56F17-7DE1-4CA1-9617-BF32E971AC84}.Release|Any CPU.Build.0 = Release|Any CPU
		{56A56F17-7DE1-4CA1-9617-BF32E971AC84}.Release|ARM.ActiveCfg = Release|Any CPU
		{56A56F17-7DE1-4CA1-9617-BF32E971AC84}.Release|x64.ActiveCfg = Release|Any CPU
		{56A56F17-7DE1-4CA1-9617-BF32E971AC84}.Release|x86.ActiveCfg = Release|Any CPU
		{80C1A1D7-C26F-473E-B90D-CA697189B4C1}.Debug|Any CPU.ActiveCfg = Debug|Any CPU
		{80C1A1D7-C26F-473E-B90D-CA697189B4C1}.Debug|Any CPU.Build.0 = Debug|Any CPU
		{80C1A1D7-C26F-473E-B90D-CA697189B4C1}.Debug|ARM.ActiveCfg = Debug|ARM
		{80C1A1D7-C26F-473E-B90D-CA697189B4C1}.Debug|ARM.Build.0 = Debug|ARM
		{80C1A1D7-C26F-473E-B90D-CA697189B4C1}.Debug|x64.ActiveCfg = Debug|x64
		{80C1A1D7-C26F-473E-B90D-CA697189B4C1}.Debug|x64.Build.0 = Debug|x64
		{80C1A1D7-C26F-473E-B90D-CA697189B4C1}.Debug|x86.ActiveCfg = Debug|x86
		{80C1A1D7-C26F-473E-B90D-CA697189B4C1}.Debug|x86.Build.0 = Debug|x86
		{80C1A1D7-C26F-473E-B90D-CA697189B4C1}.Release|Any CPU.ActiveCfg = Release|Any CPU
		{80C1A1D7-C26F-473E-B90D-CA697189B4C1}.Release|Any CPU.Build.0 = Release|Any CPU
		{80C1A1D7-C26F-473E-B90D-CA697189B4C1}.Release|ARM.ActiveCfg = Release|ARM
		{80C1A1D7-C26F-473E-B90D-CA697189B4C1}.Release|ARM.Build.0 = Release|ARM
		{80C1A1D7-C26F-473E-B90D-CA697189B4C1}.Release|x64.ActiveCfg = Release|x64
		{80C1A1D7-C26F-473E-B90D-CA697189B4C1}.Release|x64.Build.0 = Release|x64
		{80C1A1D7-C26F-473E-B90D-CA697189B4C1}.Release|x86.ActiveCfg = Release|x86
		{80C1A1D7-C26F-473E-B90D-CA697189B4C1}.Release|x86.Build.0 = Release|x86
		{04667DCF-6340-453D-A573-79216E07F69F}.Debug|Any CPU.ActiveCfg = Debug|Any CPU
		{04667DCF-6340-453D-A573-79216E07F69F}.Debug|Any CPU.Build.0 = Debug|Any CPU
		{04667DCF-6340-453D-A573-79216E07F69F}.Debug|ARM.ActiveCfg = Debug|Any CPU
		{04667DCF-6340-453D-A573-79216E07F69F}.Debug|ARM.Build.0 = Debug|Any CPU
		{04667DCF-6340-453D-A573-79216E07F69F}.Debug|x64.ActiveCfg = Debug|Any CPU
		{04667DCF-6340-453D-A573-79216E07F69F}.Debug|x64.Build.0 = Debug|Any CPU
		{04667DCF-6340-453D-A573-79216E07F69F}.Debug|x86.ActiveCfg = Debug|Any CPU
		{04667DCF-6340-453D-A573-79216E07F69F}.Debug|x86.Build.0 = Debug|Any CPU
		{04667DCF-6340-453D-A573-79216E07F69F}.Release|Any CPU.ActiveCfg = Release|Any CPU
		{04667DCF-6340-453D-A573-79216E07F69F}.Release|Any CPU.Build.0 = Release|Any CPU
		{04667DCF-6340-453D-A573-79216E07F69F}.Release|ARM.ActiveCfg = Release|Any CPU
		{04667DCF-6340-453D-A573-79216E07F69F}.Release|ARM.Build.0 = Release|Any CPU
		{04667DCF-6340-453D-A573-79216E07F69F}.Release|x64.ActiveCfg = Release|Any CPU
		{04667DCF-6340-453D-A573-79216E07F69F}.Release|x64.Build.0 = Release|Any CPU
		{04667DCF-6340-453D-A573-79216E07F69F}.Release|x86.ActiveCfg = Release|Any CPU
		{04667DCF-6340-453D-A573-79216E07F69F}.Release|x86.Build.0 = Release|Any CPU
		{0D0B6005-62BB-4D1F-AD22-485EB2C1CAA9}.Debug|Any CPU.ActiveCfg = Debug|Any CPU
		{0D0B6005-62BB-4D1F-AD22-485EB2C1CAA9}.Debug|Any CPU.Build.0 = Debug|Any CPU
		{0D0B6005-62BB-4D1F-AD22-485EB2C1CAA9}.Debug|ARM.ActiveCfg = Debug|Any CPU
		{0D0B6005-62BB-4D1F-AD22-485EB2C1CAA9}.Debug|ARM.Build.0 = Debug|Any CPU
		{0D0B6005-62BB-4D1F-AD22-485EB2C1CAA9}.Debug|x64.ActiveCfg = Debug|Any CPU
		{0D0B6005-62BB-4D1F-AD22-485EB2C1CAA9}.Debug|x64.Build.0 = Debug|Any CPU
		{0D0B6005-62BB-4D1F-AD22-485EB2C1CAA9}.Debug|x86.ActiveCfg = Debug|Any CPU
		{0D0B6005-62BB-4D1F-AD22-485EB2C1CAA9}.Debug|x86.Build.0 = Debug|Any CPU
		{0D0B6005-62BB-4D1F-AD22-485EB2C1CAA9}.Release|Any CPU.ActiveCfg = Release|Any CPU
		{0D0B6005-62BB-4D1F-AD22-485EB2C1CAA9}.Release|Any CPU.Build.0 = Release|Any CPU
		{0D0B6005-62BB-4D1F-AD22-485EB2C1CAA9}.Release|ARM.ActiveCfg = Release|Any CPU
		{0D0B6005-62BB-4D1F-AD22-485EB2C1CAA9}.Release|ARM.Build.0 = Release|Any CPU
		{0D0B6005-62BB-4D1F-AD22-485EB2C1CAA9}.Release|x64.ActiveCfg = Release|Any CPU
		{0D0B6005-62BB-4D1F-AD22-485EB2C1CAA9}.Release|x64.Build.0 = Release|Any CPU
		{0D0B6005-62BB-4D1F-AD22-485EB2C1CAA9}.Release|x86.ActiveCfg = Release|Any CPU
		{0D0B6005-62BB-4D1F-AD22-485EB2C1CAA9}.Release|x86.Build.0 = Release|Any CPU
		{0250A664-9242-49E5-A6F7-3E715A2752CF}.Debug|Any CPU.ActiveCfg = Debug|Any CPU
		{0250A664-9242-49E5-A6F7-3E715A2752CF}.Debug|Any CPU.Build.0 = Debug|Any CPU
		{0250A664-9242-49E5-A6F7-3E715A2752CF}.Debug|ARM.ActiveCfg = Debug|Any CPU
		{0250A664-9242-49E5-A6F7-3E715A2752CF}.Debug|ARM.Build.0 = Debug|Any CPU
		{0250A664-9242-49E5-A6F7-3E715A2752CF}.Debug|x64.ActiveCfg = Debug|Any CPU
		{0250A664-9242-49E5-A6F7-3E715A2752CF}.Debug|x64.Build.0 = Debug|Any CPU
		{0250A664-9242-49E5-A6F7-3E715A2752CF}.Debug|x86.ActiveCfg = Debug|Any CPU
		{0250A664-9242-49E5-A6F7-3E715A2752CF}.Debug|x86.Build.0 = Debug|Any CPU
		{0250A664-9242-49E5-A6F7-3E715A2752CF}.Release|Any CPU.ActiveCfg = Release|Any CPU
		{0250A664-9242-49E5-A6F7-3E715A2752CF}.Release|Any CPU.Build.0 = Release|Any CPU
		{0250A664-9242-49E5-A6F7-3E715A2752CF}.Release|ARM.ActiveCfg = Release|Any CPU
		{0250A664-9242-49E5-A6F7-3E715A2752CF}.Release|ARM.Build.0 = Release|Any CPU
		{0250A664-9242-49E5-A6F7-3E715A2752CF}.Release|x64.ActiveCfg = Release|Any CPU
		{0250A664-9242-49E5-A6F7-3E715A2752CF}.Release|x64.Build.0 = Release|Any CPU
		{0250A664-9242-49E5-A6F7-3E715A2752CF}.Release|x86.ActiveCfg = Release|Any CPU
		{0250A664-9242-49E5-A6F7-3E715A2752CF}.Release|x86.Build.0 = Release|Any CPU
		{B9DF09C7-B8E2-473A-9FA6-083B3CDD1DB6}.Debug|Any CPU.ActiveCfg = Debug|Any CPU
		{B9DF09C7-B8E2-473A-9FA6-083B3CDD1DB6}.Debug|Any CPU.Build.0 = Debug|Any CPU
		{B9DF09C7-B8E2-473A-9FA6-083B3CDD1DB6}.Debug|ARM.ActiveCfg = Debug|Any CPU
		{B9DF09C7-B8E2-473A-9FA6-083B3CDD1DB6}.Debug|ARM.Build.0 = Debug|Any CPU
		{B9DF09C7-B8E2-473A-9FA6-083B3CDD1DB6}.Debug|x64.ActiveCfg = Debug|Any CPU
		{B9DF09C7-B8E2-473A-9FA6-083B3CDD1DB6}.Debug|x64.Build.0 = Debug|Any CPU
		{B9DF09C7-B8E2-473A-9FA6-083B3CDD1DB6}.Debug|x86.ActiveCfg = Debug|Any CPU
		{B9DF09C7-B8E2-473A-9FA6-083B3CDD1DB6}.Debug|x86.Build.0 = Debug|Any CPU
		{B9DF09C7-B8E2-473A-9FA6-083B3CDD1DB6}.Release|Any CPU.ActiveCfg = Release|Any CPU
		{B9DF09C7-B8E2-473A-9FA6-083B3CDD1DB6}.Release|Any CPU.Build.0 = Release|Any CPU
		{B9DF09C7-B8E2-473A-9FA6-083B3CDD1DB6}.Release|ARM.ActiveCfg = Release|Any CPU
		{B9DF09C7-B8E2-473A-9FA6-083B3CDD1DB6}.Release|ARM.Build.0 = Release|Any CPU
		{B9DF09C7-B8E2-473A-9FA6-083B3CDD1DB6}.Release|x64.ActiveCfg = Release|Any CPU
		{B9DF09C7-B8E2-473A-9FA6-083B3CDD1DB6}.Release|x64.Build.0 = Release|Any CPU
		{B9DF09C7-B8E2-473A-9FA6-083B3CDD1DB6}.Release|x86.ActiveCfg = Release|Any CPU
		{B9DF09C7-B8E2-473A-9FA6-083B3CDD1DB6}.Release|x86.Build.0 = Release|Any CPU
	EndGlobalSection
	GlobalSection(SolutionProperties) = preSolution
		HideSolutionNode = FALSE
	EndGlobalSection
	GlobalSection(ExtensibilityGlobals) = postSolution
		SolutionGuid = {CDB39490-E141-4B7E-808D-5BD4C1F5C581}
	EndGlobalSection
EndGlobal
